
Microsoft Visual Studio Solution File, Format Version 12.00
# Visual Studio Version 17
VisualStudioVersion = 17.8.34004.107
MinimumVisualStudioVersion = 10.0.40219.1
Project("{9A19103F-16F7-4668-BE54-9A1E7A4F7556}") = "Observability.ConsoleApp", "Observability.ConsoleApp\Observability.ConsoleApp.csproj", "{AA5B2D77-E2C1-4A30-B52E-312B20222A90}"
EndProject
Project("{E53339B2-1760-4266-BCC7-CA923CBCF16C}") = "docker-compose", "docker-compose.dcproj", "{5EDD7152-E1B0-4BFE-A808-7A8C004E5319}"
EndProject
Project("{9A19103F-16F7-4668-BE54-9A1E7A4F7556}") = "Order.API", "Order.API\Order.API.csproj", "{349937FD-4121-4885-A33A-23F92557A5DB}"
EndProject
Project("{9A19103F-16F7-4668-BE54-9A1E7A4F7556}") = "OpenTelemetry.Shared", "OpenTelemetry.Shared\OpenTelemetry.Shared.csproj", "{252E4CB5-5039-4430-B585-B98637086D76}"
EndProject
Project("{9A19103F-16F7-4668-BE54-9A1E7A4F7556}") = "Common.Shared", "Common.Shared\Common.Shared.csproj", "{CBB10BA2-0D80-4CA0-86D0-22ADDB96C0DC}"
EndProject
Project("{9A19103F-16F7-4668-BE54-9A1E7A4F7556}") = "Stock.API", "Stock.API\Stock.API.csproj", "{4E758C42-B047-4F89-81CF-C31CEAFF5262}"
EndProject
Project("{9A19103F-16F7-4668-BE54-9A1E7A4F7556}") = "Payment.API", "Payment.API\Payment.API.csproj", "{DCF08D98-DAC8-41D9-94E1-2AE1697444AB}"
EndProject
Project("{9A19103F-16F7-4668-BE54-9A1E7A4F7556}") = "Logging.Shared", "Logging.Shared\Logging.Shared.csproj", "{D17DF4A9-6EF4-4E20-BE24-F481E9DA1817}"
EndProject
Project("{FAE04EC0-301F-11D3-BF4B-00C04F79EFBC}") = "Metric.API", "Metric.API\Metric.API.csproj", "{B1033DA3-CFA0-4DE3-8272-B103CFE39569}"
EndProject
Global
	GlobalSection(SolutionConfigurationPlatforms) = preSolution
		Debug|Any CPU = Debug|Any CPU
		Release|Any CPU = Release|Any CPU
	EndGlobalSection
	GlobalSection(ProjectConfigurationPlatforms) = postSolution
		{AA5B2D77-E2C1-4A30-B52E-312B20222A90}.Debug|Any CPU.ActiveCfg = Debug|Any CPU
		{AA5B2D77-E2C1-4A30-B52E-312B20222A90}.Debug|Any CPU.Build.0 = Debug|Any CPU
		{AA5B2D77-E2C1-4A30-B52E-312B20222A90}.Release|Any CPU.ActiveCfg = Release|Any CPU
		{AA5B2D77-E2C1-4A30-B52E-312B20222A90}.Release|Any CPU.Build.0 = Release|Any CPU
		{5EDD7152-E1B0-4BFE-A808-7A8C004E5319}.Debug|Any CPU.ActiveCfg = Debug|Any CPU
		{5EDD7152-E1B0-4BFE-A808-7A8C004E5319}.Debug|Any CPU.Build.0 = Debug|Any CPU
		{5EDD7152-E1B0-4BFE-A808-7A8C004E5319}.Release|Any CPU.ActiveCfg = Release|Any CPU
		{5EDD7152-E1B0-4BFE-A808-7A8C004E5319}.Release|Any CPU.Build.0 = Release|Any CPU
		{349937FD-4121-4885-A33A-23F92557A5DB}.Debug|Any CPU.ActiveCfg = Debug|Any CPU
		{349937FD-4121-4885-A33A-23F92557A5DB}.Debug|Any CPU.Build.0 = Debug|Any CPU
		{349937FD-4121-4885-A33A-23F92557A5DB}.Release|Any CPU.ActiveCfg = Release|Any CPU
		{349937FD-4121-4885-A33A-23F92557A5DB}.Release|Any CPU.Build.0 = Release|Any CPU
		{252E4CB5-5039-4430-B585-B98637086D76}.Debug|Any CPU.ActiveCfg = Debug|Any CPU
		{252E4CB5-5039-4430-B585-B98637086D76}.Debug|Any CPU.Build.0 = Debug|Any CPU
		{252E4CB5-5039-4430-B585-B98637086D76}.Release|Any CPU.ActiveCfg = Release|Any CPU
		{252E4CB5-5039-4430-B585-B98637086D76}.Release|Any CPU.Build.0 = Release|Any CPU
		{CBB10BA2-0D80-4CA0-86D0-22ADDB96C0DC}.Debug|Any CPU.ActiveCfg = Debug|Any CPU
		{CBB10BA2-0D80-4CA0-86D0-22ADDB96C0DC}.Debug|Any CPU.Build.0 = Debug|Any CPU
		{CBB10BA2-0D80-4CA0-86D0-22ADDB96C0DC}.Release|Any CPU.ActiveCfg = Release|Any CPU
		{CBB10BA2-0D80-4CA0-86D0-22ADDB96C0DC}.Release|Any CPU.Build.0 = Release|Any CPU
		{4E758C42-B047-4F89-81CF-C31CEAFF5262}.Debug|Any CPU.ActiveCfg = Debug|Any CPU
		{4E758C42-B047-4F89-81CF-C31CEAFF5262}.Debug|Any CPU.Build.0 = Debug|Any CPU
		{4E758C42-B047-4F89-81CF-C31CEAFF5262}.Release|Any CPU.ActiveCfg = Release|Any CPU
		{4E758C42-B047-4F89-81CF-C31CEAFF5262}.Release|Any CPU.Build.0 = Release|Any CPU
		{DCF08D98-DAC8-41D9-94E1-2AE1697444AB}.Debug|Any CPU.ActiveCfg = Debug|Any CPU
		{DCF08D98-DAC8-41D9-94E1-2AE1697444AB}.Debug|Any CPU.Build.0 = Debug|Any CPU
		{DCF08D98-DAC8-41D9-94E1-2AE1697444AB}.Release|Any CPU.ActiveCfg = Release|Any CPU
		{DCF08D98-DAC8-41D9-94E1-2AE1697444AB}.Release|Any CPU.Build.0 = Release|Any CPU
		{D17DF4A9-6EF4-4E20-BE24-F481E9DA1817}.Debug|Any CPU.ActiveCfg = Debug|Any CPU
		{D17DF4A9-6EF4-4E20-BE24-F481E9DA1817}.Debug|Any CPU.Build.0 = Debug|Any CPU
		{D17DF4A9-6EF4-4E20-BE24-F481E9DA1817}.Release|Any CPU.ActiveCfg = Release|Any CPU
		{D17DF4A9-6EF4-4E20-BE24-F481E9DA1817}.Release|Any CPU.Build.0 = Release|Any CPU
		{B1033DA3-CFA0-4DE3-8272-B103CFE39569}.Debug|Any CPU.ActiveCfg = Debug|Any CPU
		{B1033DA3-CFA0-4DE3-8272-B103CFE39569}.Debug|Any CPU.Build.0 = Debug|Any CPU
		{B1033DA3-CFA0-4DE3-8272-B103CFE39569}.Release|Any CPU.ActiveCfg = Release|Any CPU
		{B1033DA3-CFA0-4DE3-8272-B103CFE39569}.Release|Any CPU.Build.0 = Release|Any CPU
	EndGlobalSection
	GlobalSection(SolutionProperties) = preSolution
		HideSolutionNode = FALSE
	EndGlobalSection
	GlobalSection(ExtensibilityGlobals) = postSolution
		SolutionGuid = {F17AAF35-8D18-4D29-9E36-C998D6D61FBE}
	EndGlobalSection
EndGlobal
